
Microsoft Visual Studio Solution File, Format Version 12.00
# Visual Studio Version 17
VisualStudioVersion = 17.5.002.0
MinimumVisualStudioVersion = 10.0.40219.1
Project("{9A19103F-16F7-4668-BE54-9A1E7A4F7556}") = "blogapp", "blogapp.csproj", "{D3447722-04DF-43BF-BF50-83285A4F32DA}"
EndProject
Global
	GlobalSection(SolutionConfigurationPlatforms) = preSolution
		Debug|Any CPU = Debug|Any CPU
		Release|Any CPU = Release|Any CPU
	EndGlobalSection
	GlobalSection(ProjectConfigurationPlatforms) = postSolution
		{D3447722-04DF-43BF-BF50-83285A4F32DA}.Debug|Any CPU.ActiveCfg = Debug|Any CPU
		{D3447722-04DF-43BF-BF50-83285A4F32DA}.Debug|Any CPU.Build.0 = Debug|Any CPU
		{D3447722-04DF-43BF-BF50-83285A4F32DA}.Release|Any CPU.ActiveCfg = Release|Any CPU
		{D3447722-04DF-43BF-BF50-83285A4F32DA}.Release|Any CPU.Build.0 = Release|Any CPU
	EndGlobalSection
	GlobalSection(SolutionProperties) = preSolution
		HideSolutionNode = FALSE
	EndGlobalSection
	GlobalSection(ExtensibilityGlobals) = postSolution
		SolutionGuid = {ACF85317-AC8C-463C-8D1B-C19BDA7BAB8E}
	EndGlobalSection
EndGlobal
